
Microsoft Visual Studio Solution File, Format Version 12.00
# Visual Studio Version 17
VisualStudioVersion = 17.14.36414.22 d17.14
MinimumVisualStudioVersion = 10.0.40219.1
Project("{FAE04EC0-301F-11D3-BF4B-00C04F79EFBC}") = "ClinicBookingAPI", "ClinicBookingAPI\ClinicBookingAPI.csproj", "{361C546A-0AC1-4252-93CB-0542A0FA9487}"
EndProject
Global
	GlobalSection(SolutionConfigurationPlatforms) = preSolution
		Debug|Any CPU = Debug|Any CPU
		Release|Any CPU = Release|Any CPU
	EndGlobalSection
	GlobalSection(ProjectConfigurationPlatforms) = postSolution
		{361C546A-0AC1-4252-93CB-0542A0FA9487}.Debug|Any CPU.ActiveCfg = Debug|Any CPU
		{361C546A-0AC1-4252-93CB-0542A0FA9487}.Debug|Any CPU.Build.0 = Debug|Any CPU
		{361C546A-0AC1-4252-93CB-0542A0FA9487}.Release|Any CPU.ActiveCfg = Release|Any CPU
		{361C546A-0AC1-4252-93CB-0542A0FA9487}.Release|Any CPU.Build.0 = Release|Any CPU
	EndGlobalSection
	GlobalSection(SolutionProperties) = preSolution
		HideSolutionNode = FALSE
	EndGlobalSection
	GlobalSection(ExtensibilityGlobals) = postSolution
		SolutionGuid = {BD598505-52AA-412A-BA71-F7A8E8352D91}
	EndGlobalSection
EndGlobal
